{
  "object": {
    "pins": [
      {
        "package": "async-http-client",
        "repositoryURL": "https://github.com/swift-server/async-http-client.git",
        "state": {
          "branch": null,
          "revision": "e2636a4c24e646d3e480fc666da0c090818beb09",
          "version": "1.1.0"
        }
      },
      {
        "package": "async-kit",
        "repositoryURL": "https://github.com/vapor/async-kit.git",
        "state": {
          "branch": null,
          "revision": "7457413e57dbfac762b32dd30c1caf2c55a02a3d",
          "version": "1.2.0"
        }
      },
      {
        "package": "console-kit",
        "repositoryURL": "https://github.com/vapor/console-kit.git",
        "state": {
          "branch": null,
          "revision": "9b5842b47be1a3164a42811613dce09bf5bf1f91",
          "version": "4.1.3"
        }
      },
      {
        "package": "fluent",
        "repositoryURL": "https://github.com/vapor/fluent.git",
        "state": {
          "branch": null,
          "revision": "e681c93df3201a2d8ceef15e8a9a0634578df233",
          "version": "4.0.0"
        }
      },
      {
        "package": "fluent-kit",
        "repositoryURL": "https://github.com/vapor/fluent-kit.git",
        "state": {
          "branch": null,
          "revision": "c9d8cf299c0132b3b9b7dec103a7ec7276d63b41",
          "version": "1.0.3"
        }
      },
      {
        "package": "fluent-postgres-driver",
        "repositoryURL": "https://github.com/vapor/fluent-postgres-driver.git",
        "state": {
          "branch": null,
          "revision": "f310f8843fafa3134cf89d81b8b3480f16967f37",
          "version": "2.1.0"
        }
      },
      {
        "package": "fluent-sqlite-driver",
        "repositoryURL": "https://github.com/vapor/fluent-sqlite-driver.git",
        "state": {
          "branch": null,
          "revision": "b828ac3891f6c872a2cc4b76586d68327af2941e",
          "version": "4.0.0"
        }
      },
      {
        "package": "postgres-kit",
        "repositoryURL": "https://github.com/vapor/postgres-kit.git",
        "state": {
          "branch": null,
          "revision": "fca27ff90326e3612ed0197598a7ce467bfedfbd",
          "version": "2.1.0"
        }
      },
      {
        "package": "postgres-nio",
        "repositoryURL": "https://github.com/vapor/postgres-nio.git",
        "state": {
          "branch": null,
          "revision": "70d63c54484f2cbeacf495096a657557f19665f2",
          "version": "1.3.0"
        }
      },
      {
        "package": "routing-kit",
        "repositoryURL": "https://github.com/vapor/routing-kit.git",
        "state": {
          "branch": null,
          "revision": "e7f2d5bd36dc65a9edb303541cb678515a7fece3",
          "version": "4.1.0"
        }
      },
      {
        "package": "sql-kit",
        "repositoryURL": "https://github.com/vapor/sql-kit.git",
        "state": {
          "branch": null,
          "revision": "8b82edd5d918068f204e3ac4206d5d15f6740395",
          "version": "3.5.0"
        }
      },
      {
        "package": "sqlite-kit",
        "repositoryURL": "https://github.com/vapor/sqlite-kit.git",
        "state": {
          "branch": null,
          "revision": "73d4156dd1e000a8814ac7c74732fcad52a91bda",
          "version": "4.0.1"
        }
      },
      {
        "package": "sqlite-nio",
        "repositoryURL": "https://github.com/vapor/sqlite-nio.git",
        "state": {
          "branch": null,
          "revision": "2e9ae8aab4f20a372901047e0aaf051783eb8bd7",
          "version": "1.0.0"
        }
      },
      {
        "package": "swift-backtrace",
        "repositoryURL": "https://github.com/swift-server/swift-backtrace.git",
        "state": {
          "branch": null,
          "revision": "eaf2cef011c0c23d1701aa60b364def8015dc3c7",
          "version": "1.1.1"
        }
      },
      {
        "package": "swift-crypto",
        "repositoryURL": "https://github.com/apple/swift-crypto.git",
        "state": {
          "branch": null,
          "revision": "9be4a93a76d4b80105044747b35d456de7289c87",
          "version": "1.0.0"
        }
      },
      {
        "package": "swift-log",
        "repositoryURL": "https://github.com/apple/swift-log.git",
        "state": {
          "branch": null,
          "revision": "74d7b91ceebc85daf387ebb206003f78813f71aa",
          "version": "1.2.0"
        }
      },
      {
        "package": "swift-metrics",
        "repositoryURL": "https://github.com/apple/swift-metrics.git",
        "state": {
          "branch": null,
          "revision": "708b960b4605abb20bc55d65abf6bad607252200",
          "version": "2.0.0"
        }
      },
      {
        "package": "swift-nio",
        "repositoryURL": "https://github.com/apple/swift-nio.git",
        "state": {
          "branch": null,
          "revision": "acf5465b5e7fb9aeda54a34d16fb44c31a399715",
          "version": "2.20.2"
        }
      },
      {
        "package": "swift-nio-extras",
        "repositoryURL": "https://github.com/apple/swift-nio-extras.git",
        "state": {
          "branch": null,
          "revision": "b4dbfacff47fb8d0f9e0a422d8d37935a9f10570",
          "version": "1.4.0"
        }
      },
      {
        "package": "swift-nio-http2",
        "repositoryURL": "https://github.com/apple/swift-nio-http2.git",
        "state": {
          "branch": null,
          "revision": "c76a9a5085bfc22882f8cff88189662af30806e8",
          "version": "1.12.3"
        }
      },
      {
        "package": "swift-nio-ssl",
        "repositoryURL": "https://github.com/apple/swift-nio-ssl.git",
        "state": {
          "branch": null,
          "revision": "8a137b72a9339f295bc8bb95cd2fafe207f1df0d",
          "version": "2.9.0"
        }
      },
      {
        "package": "vapor",
        "repositoryURL": "https://github.com/vapor/vapor.git",
        "state": {
          "branch": null,
          "revision": "281b50935a7c3ac86916f69cb2851e55915ddf07",
          "version": "4.27.1"
        }
      },
      {
        "package": "vragen-api-models",
        "repositoryURL": "https://github.com/MartinMetselaar/vragen-api-models.git",
        "state": {
          "branch": null,
          "revision": "7c83b6df60cc97ed623d38fadffff83887f01adb",
          "version": "1.3.0"
        }
      },
      {
        "package": "websocket-kit",
        "repositoryURL": "https://github.com/vapor/websocket-kit.git",
        "state": {
          "branch": null,
          "revision": "021edd1ca55451ad15b3e84da6b4064e4b877b34",
          "version": "2.1.0"
        }
      }
    ]
  },
  "version": 1
}
